# THIS IS AN AUTOGENERATED FILE. DO NOT EDIT THIS FILE DIRECTLY.
# yarn lockfile v1


marked@^1.2.7:
  version "1.2.7"
  resolved "https://registry.yarnpkg.com/marked/-/marked-1.2.7.tgz#6e14b595581d2319cdcf033a24caaf41455a01fb"
  integrity sha512-No11hFYcXr/zkBvL6qFmAp1z6BKY3zqLMHny/JN/ey+al7qwCM2+CMBL9BOgqMxZU36fz4cCWfn2poWIf7QRXA==

ramda@^0.27.1:
  version "0.27.1"
  resolved "https://registry.yarnpkg.com/ramda/-/ramda-0.27.1.tgz#66fc2df3ef873874ffc2da6aa8984658abacf5c9"
  integrity sha512-PgIdVpn5y5Yns8vqb8FzBUEYn98V3xcPgawAkkgj0YJ0qDsnHCiNmZYfOGMgOvoB0eWFLpYbhxUR3mxfDIMvpw==
